
Microsoft Visual Studio Solution File, Format Version 12.00
# Visual Studio Version 16
VisualStudioVersion = 16.0.30204.135
MinimumVisualStudioVersion = 15.0.26124.0
Project("{9A19103F-16F7-4668-BE54-9A1E7A4F7556}") = "TripLooking.API", "TripLooking.API\TripLooking.API.csproj", "{1E91790B-4E02-4BBC-BF84-D3B36BDA7133}"
EndProject
Project("{9A19103F-16F7-4668-BE54-9A1E7A4F7556}") = "TripLooking.Business", "TripLooking.Business\TripLooking.Business.csproj", "{5960B840-08C6-40E2-96E1-1C10CEDCC4AD}"
EndProject
Project("{9A19103F-16F7-4668-BE54-9A1E7A4F7556}") = "TripLooking.Persistence", "TripLooking.Persistence\TripLooking.Persistence.csproj", "{7FC70D25-C106-427A-B069-1E6FF71899C8}"
EndProject
Project("{2150E333-8FDC-42A3-9474-1A3956D46DE8}") = "01. Presentation", "01. Presentation", "{1316B717-943F-4D10-AB3C-FE25932A0E7D}"
EndProject
Project("{2150E333-8FDC-42A3-9474-1A3956D46DE8}") = "02. Business", "02. Business", "{080DA27F-EC4E-45F5-96AA-11FBE6C29E12}"
EndProject
Project("{2150E333-8FDC-42A3-9474-1A3956D46DE8}") = "03. Persistence", "03. Persistence", "{B802DAA1-2FC6-40F6-8813-379FC41799AA}"
EndProject
Project("{9A19103F-16F7-4668-BE54-9A1E7A4F7556}") = "TripLooking.Entities", "TripLooking.Entities\TripLooking.Entities.csproj", "{75F0B29B-0092-4904-8FF0-9AEBC10AE270}"
EndProject
Project("{2150E333-8FDC-42A3-9474-1A3956D46DE8}") = "99. Tests", "99. Tests", "{17BDC73E-9CC7-485B-A293-14C728BA3654}"
EndProject
Project("{FAE04EC0-301F-11D3-BF4B-00C04F79EFBC}") = "TripLooking.IntegrationTests", "TripLooking.IntegrationTests\TripLooking.IntegrationTests.csproj", "{024094B3-D502-45FA-99C4-51CB8E019796}"
EndProject
Global
	GlobalSection(SolutionConfigurationPlatforms) = preSolution
		Debug|Any CPU = Debug|Any CPU
		Debug|x64 = Debug|x64
		Debug|x86 = Debug|x86
		Release|Any CPU = Release|Any CPU
		Release|x64 = Release|x64
		Release|x86 = Release|x86
	EndGlobalSection
	GlobalSection(ProjectConfigurationPlatforms) = postSolution
		{1E91790B-4E02-4BBC-BF84-D3B36BDA7133}.Debug|Any CPU.ActiveCfg = Debug|Any CPU
		{1E91790B-4E02-4BBC-BF84-D3B36BDA7133}.Debug|Any CPU.Build.0 = Debug|Any CPU
		{1E91790B-4E02-4BBC-BF84-D3B36BDA7133}.Debug|x64.ActiveCfg = Debug|Any CPU
		{1E91790B-4E02-4BBC-BF84-D3B36BDA7133}.Debug|x64.Build.0 = Debug|Any CPU
		{1E91790B-4E02-4BBC-BF84-D3B36BDA7133}.Debug|x86.ActiveCfg = Debug|Any CPU
		{1E91790B-4E02-4BBC-BF84-D3B36BDA7133}.Debug|x86.Build.0 = Debug|Any CPU
		{1E91790B-4E02-4BBC-BF84-D3B36BDA7133}.Release|Any CPU.ActiveCfg = Release|Any CPU
		{1E91790B-4E02-4BBC-BF84-D3B36BDA7133}.Release|Any CPU.Build.0 = Release|Any CPU
		{1E91790B-4E02-4BBC-BF84-D3B36BDA7133}.Release|x64.ActiveCfg = Release|Any CPU
		{1E91790B-4E02-4BBC-BF84-D3B36BDA7133}.Release|x64.Build.0 = Release|Any CPU
		{1E91790B-4E02-4BBC-BF84-D3B36BDA7133}.Release|x86.ActiveCfg = Release|Any CPU
		{1E91790B-4E02-4BBC-BF84-D3B36BDA7133}.Release|x86.Build.0 = Release|Any CPU
		{5960B840-08C6-40E2-96E1-1C10CEDCC4AD}.Debug|Any CPU.ActiveCfg = Debug|Any CPU
		{5960B840-08C6-40E2-96E1-1C10CEDCC4AD}.Debug|Any CPU.Build.0 = Debug|Any CPU
		{5960B840-08C6-40E2-96E1-1C10CEDCC4AD}.Debug|x64.ActiveCfg = Debug|Any CPU
		{5960B840-08C6-40E2-96E1-1C10CEDCC4AD}.Debug|x64.Build.0 = Debug|Any CPU
		{5960B840-08C6-40E2-96E1-1C10CEDCC4AD}.Debug|x86.ActiveCfg = Debug|Any CPU
		{5960B840-08C6-40E2-96E1-1C10CEDCC4AD}.Debug|x86.Build.0 = Debug|Any CPU
		{5960B840-08C6-40E2-96E1-1C10CEDCC4AD}.Release|Any CPU.ActiveCfg = Release|Any CPU
		{5960B840-08C6-40E2-96E1-1C10CEDCC4AD}.Release|Any CPU.Build.0 = Release|Any CPU
		{5960B840-08C6-40E2-96E1-1C10CEDCC4AD}.Release|x64.ActiveCfg = Release|Any CPU
		{5960B840-08C6-40E2-96E1-1C10CEDCC4AD}.Release|x64.Build.0 = Release|Any CPU
		{5960B840-08C6-40E2-96E1-1C10CEDCC4AD}.Release|x86.ActiveCfg = Release|Any CPU
		{5960B840-08C6-40E2-96E1-1C10CEDCC4AD}.Release|x86.Build.0 = Release|Any CPU
		{7FC70D25-C106-427A-B069-1E6FF71899C8}.Debug|Any CPU.ActiveCfg = Debug|Any CPU
		{7FC70D25-C106-427A-B069-1E6FF71899C8}.Debug|Any CPU.Build.0 = Debug|Any CPU
		{7FC70D25-C106-427A-B069-1E6FF71899C8}.Debug|x64.ActiveCfg = Debug|Any CPU
		{7FC70D25-C106-427A-B069-1E6FF71899C8}.Debug|x64.Build.0 = Debug|Any CPU
		{7FC70D25-C106-427A-B069-1E6FF71899C8}.Debug|x86.ActiveCfg = Debug|Any CPU
		{7FC70D25-C106-427A-B069-1E6FF71899C8}.Debug|x86.Build.0 = Debug|Any CPU
		{7FC70D25-C106-427A-B069-1E6FF71899C8}.Release|Any CPU.ActiveCfg = Release|Any CPU
		{7FC70D25-C106-427A-B069-1E6FF71899C8}.Release|Any CPU.Build.0 = Release|Any CPU
		{7FC70D25-C106-427A-B069-1E6FF71899C8}.Release|x64.ActiveCfg = Release|Any CPU
		{7FC70D25-C106-427A-B069-1E6FF71899C8}.Release|x64.Build.0 = Release|Any CPU
		{7FC70D25-C106-427A-B069-1E6FF71899C8}.Release|x86.ActiveCfg = Release|Any CPU
		{7FC70D25-C106-427A-B069-1E6FF71899C8}.Release|x86.Build.0 = Release|Any CPU
		{75F0B29B-0092-4904-8FF0-9AEBC10AE270}.Debug|Any CPU.ActiveCfg = Debug|Any CPU
		{75F0B29B-0092-4904-8FF0-9AEBC10AE270}.Debug|Any CPU.Build.0 = Debug|Any CPU
		{75F0B29B-0092-4904-8FF0-9AEBC10AE270}.Debug|x64.ActiveCfg = Debug|Any CPU
		{75F0B29B-0092-4904-8FF0-9AEBC10AE270}.Debug|x64.Build.0 = Debug|Any CPU
		{75F0B29B-0092-4904-8FF0-9AEBC10AE270}.Debug|x86.ActiveCfg = Debug|Any CPU
		{75F0B29B-0092-4904-8FF0-9AEBC10AE270}.Debug|x86.Build.0 = Debug|Any CPU
		{75F0B29B-0092-4904-8FF0-9AEBC10AE270}.Release|Any CPU.ActiveCfg = Release|Any CPU
		{75F0B29B-0092-4904-8FF0-9AEBC10AE270}.Release|Any CPU.Build.0 = Release|Any CPU
		{75F0B29B-0092-4904-8FF0-9AEBC10AE270}.Release|x64.ActiveCfg = Release|Any CPU
		{75F0B29B-0092-4904-8FF0-9AEBC10AE270}.Release|x64.Build.0 = Release|Any CPU
		{75F0B29B-0092-4904-8FF0-9AEBC10AE270}.Release|x86.ActiveCfg = Release|Any CPU
		{75F0B29B-0092-4904-8FF0-9AEBC10AE270}.Release|x86.Build.0 = Release|Any CPU
		{024094B3-D502-45FA-99C4-51CB8E019796}.Debug|Any CPU.ActiveCfg = Debug|Any CPU
		{024094B3-D502-45FA-99C4-51CB8E019796}.Debug|Any CPU.Build.0 = Debug|Any CPU
		{024094B3-D502-45FA-99C4-51CB8E019796}.Debug|x64.ActiveCfg = Debug|Any CPU
		{024094B3-D502-45FA-99C4-51CB8E019796}.Debug|x64.Build.0 = Debug|Any CPU
		{024094B3-D502-45FA-99C4-51CB8E019796}.Debug|x86.ActiveCfg = Debug|Any CPU
		{024094B3-D502-45FA-99C4-51CB8E019796}.Debug|x86.Build.0 = Debug|Any CPU
		{024094B3-D502-45FA-99C4-51CB8E019796}.Release|Any CPU.ActiveCfg = Release|Any CPU
		{024094B3-D502-45FA-99C4-51CB8E019796}.Release|Any CPU.Build.0 = Release|Any CPU
		{024094B3-D502-45FA-99C4-51CB8E019796}.Release|x64.ActiveCfg = Release|Any CPU
		{024094B3-D502-45FA-99C4-51CB8E019796}.Release|x64.Build.0 = Release|Any CPU
		{024094B3-D502-45FA-99C4-51CB8E019796}.Release|x86.ActiveCfg = Release|Any CPU
		{024094B3-D502-45FA-99C4-51CB8E019796}.Release|x86.Build.0 = Release|Any CPU
	EndGlobalSection
	GlobalSection(SolutionProperties) = preSolution
		HideSolutionNode = FALSE
	EndGlobalSection
	GlobalSection(NestedProjects) = preSolution
		{1E91790B-4E02-4BBC-BF84-D3B36BDA7133} = {1316B717-943F-4D10-AB3C-FE25932A0E7D}
		{5960B840-08C6-40E2-96E1-1C10CEDCC4AD} = {080DA27F-EC4E-45F5-96AA-11FBE6C29E12}
		{7FC70D25-C106-427A-B069-1E6FF71899C8} = {B802DAA1-2FC6-40F6-8813-379FC41799AA}
		{75F0B29B-0092-4904-8FF0-9AEBC10AE270} = {B802DAA1-2FC6-40F6-8813-379FC41799AA}
		{024094B3-D502-45FA-99C4-51CB8E019796} = {17BDC73E-9CC7-485B-A293-14C728BA3654}
	EndGlobalSection
	GlobalSection(ExtensibilityGlobals) = postSolution
		SolutionGuid = {674945F1-4464-42A5-9FFA-6B0A784B3D17}
	EndGlobalSection
EndGlobal
