
Microsoft Visual Studio Solution File, Format Version 12.00
# Visual Studio Version 16
VisualStudioVersion = 16.0.30225.117
MinimumVisualStudioVersion = 10.0.40219.1
Project("{9A19103F-16F7-4668-BE54-9A1E7A4F7556}") = "TripLooking.API", "TripLooking\TripLooking.API.csproj", "{9A639C23-15DE-445E-B8D5-73971FD23C27}"
EndProject
Project("{FAE04EC0-301F-11D3-BF4B-00C04F79EFBC}") = "TripLooking.Database", "TripLooking.Database\TripLooking.Database.csproj", "{E8564A86-F2A2-45A9-8050-23623A7A96E2}"
EndProject
Project("{FAE04EC0-301F-11D3-BF4B-00C04F79EFBC}") = "TripLooking.Business", "TripLooking.Business\TripLooking.Business.csproj", "{773F908A-8BCF-42F8-9659-42733AE862B9}"
EndProject
Global
	GlobalSection(SolutionConfigurationPlatforms) = preSolution
		Debug|Any CPU = Debug|Any CPU
		Release|Any CPU = Release|Any CPU
	EndGlobalSection
	GlobalSection(ProjectConfigurationPlatforms) = postSolution
		{9A639C23-15DE-445E-B8D5-73971FD23C27}.Debug|Any CPU.ActiveCfg = Debug|Any CPU
		{9A639C23-15DE-445E-B8D5-73971FD23C27}.Debug|Any CPU.Build.0 = Debug|Any CPU
		{9A639C23-15DE-445E-B8D5-73971FD23C27}.Release|Any CPU.ActiveCfg = Release|Any CPU
		{9A639C23-15DE-445E-B8D5-73971FD23C27}.Release|Any CPU.Build.0 = Release|Any CPU
		{E8564A86-F2A2-45A9-8050-23623A7A96E2}.Debug|Any CPU.ActiveCfg = Debug|Any CPU
		{E8564A86-F2A2-45A9-8050-23623A7A96E2}.Debug|Any CPU.Build.0 = Debug|Any CPU
		{E8564A86-F2A2-45A9-8050-23623A7A96E2}.Release|Any CPU.ActiveCfg = Release|Any CPU
		{E8564A86-F2A2-45A9-8050-23623A7A96E2}.Release|Any CPU.Build.0 = Release|Any CPU
		{773F908A-8BCF-42F8-9659-42733AE862B9}.Debug|Any CPU.ActiveCfg = Debug|Any CPU
		{773F908A-8BCF-42F8-9659-42733AE862B9}.Debug|Any CPU.Build.0 = Debug|Any CPU
		{773F908A-8BCF-42F8-9659-42733AE862B9}.Release|Any CPU.ActiveCfg = Release|Any CPU
		{773F908A-8BCF-42F8-9659-42733AE862B9}.Release|Any CPU.Build.0 = Release|Any CPU
	EndGlobalSection
	GlobalSection(SolutionProperties) = preSolution
		HideSolutionNode = FALSE
	EndGlobalSection
	GlobalSection(ExtensibilityGlobals) = postSolution
		SolutionGuid = {EC55129B-6F80-4785-AEAA-C1B6371F9FD7}
	EndGlobalSection
EndGlobal
